Microsoft Visual Studio Solution File, Format Version 12.00
# Visual Studio Version 17
VisualStudioVersion = 17.5.2.0
MinimumVisualStudioVersion = 10.0.40219.1
Project("{FAE04EC0-301F-11D3-BF4B-00C04F79EFBC}") = "WorkstationAgent", "WorkstationAgent\WorkstationAgent.csproj", "{B04EDB53-93C1-0384-017C-9588B794C23F}"
EndProject
Global
	GlobalSection(SolutionConfigurationPlatforms) = preSolution
		Debug|Any CPU = Debug|Any CPU
		Release|Any CPU = Release|Any CPU
	EndGlobalSection
	GlobalSection(ProjectConfigurationPlatforms) = postSolution
		{B04EDB53-93C1-0384-017C-9588B794C23F}.Debug|Any CPU.ActiveCfg = Debug|Any CPU
		{B04EDB53-93C1-0384-017C-9588B794C23F}.Debug|Any CPU.Build.0 = Debug|Any CPU
		{B04EDB53-93C1-0384-017C-9588B794C23F}.Release|Any CPU.ActiveCfg = Release|Any CPU
		{B04EDB53-93C1-0384-017C-9588B794C23F}.Release|Any CPU.Build.0 = Release|Any CPU
	EndGlobalSection
	GlobalSection(SolutionProperties) = preSolution
		HideSolutionNode = FALSE
	EndGlobalSection
	GlobalSection(ExtensibilityGlobals) = postSolution
		SolutionGuid = {E14245C4-ED0E-4B68-9FD6-1E5609A07468}
	EndGlobalSection
EndGlobal
